
Microsoft Visual Studio Solution File, Format Version 12.00
# Visual Studio Version 17
VisualStudioVersion = 17.10.34916.146
MinimumVisualStudioVersion = 10.0.40219.1
Project("{FAE04EC0-301F-11D3-BF4B-00C04F79EFBC}") = "uri1117", "uri1117\uri1117.csproj", "{C2547C59-4D67-426F-89CE-917BA1239AEA}"
EndProject
Global
	GlobalSection(SolutionConfigurationPlatforms) = preSolution
		Debug|Any CPU = Debug|Any CPU
		Release|Any CPU = Release|Any CPU
	EndGlobalSection
	GlobalSection(ProjectConfigurationPlatforms) = postSolution
		{C2547C59-4D67-426F-89CE-917BA1239AEA}.Debug|Any CPU.ActiveCfg = Debug|Any CPU
		{C2547C59-4D67-426F-89CE-917BA1239AEA}.Debug|Any CPU.Build.0 = Debug|Any CPU
		{C2547C59-4D67-426F-89CE-917BA1239AEA}.Release|Any CPU.ActiveCfg = Release|Any CPU
		{C2547C59-4D67-426F-89CE-917BA1239AEA}.Release|Any CPU.Build.0 = Release|Any CPU
	EndGlobalSection
	GlobalSection(SolutionProperties) = preSolution
		HideSolutionNode = FALSE
	EndGlobalSection
	GlobalSection(ExtensibilityGlobals) = postSolution
		SolutionGuid = {636BB989-A849-4DDF-9FD9-70A12543F41D}
	EndGlobalSection
EndGlobal
